%{"cowboy": {:git, "git://github.com/extend/cowboy.git", "260fc1e60b6cc231e026d0aa28a24bf7dec7539a", []},
  "cowlib": {:git, "git://github.com/ninenines/cowlib.git", "d544a494af4dbc810fc9c15eaf5cc050cced1501", [ref: "1.0.0"]},
  "ex_conf": {:package, "0.1.2"},
  "inflex": {:package, "0.2.4"},
  "jazz": {:package, "0.1.2"},
  "phoenix": {:package, "0.3.0"},
  "plug": {:package, "0.5.1"},
  "ranch": {:git, "git://github.com/ninenines/ranch.git", "adf1822defc2b7cfdc7aca112adabfa1d614043c", [ref: "1.0.0"]}}
